
Microsoft Visual Studio Solution File, Format Version 12.00
# Visual Studio Version 17
VisualStudioVersion = 17.14.36310.24
MinimumVisualStudioVersion = 10.0.40219.1
Project("{FAE04EC0-301F-11D3-BF4B-00C04F79EFBC}") = "MsgReciever", "MsgReciever\MsgReciever.csproj", "{CDD56EF7-7AB8-4EEC-BD05-03C08A21707D}"
EndProject
Project("{FAE04EC0-301F-11D3-BF4B-00C04F79EFBC}") = "SendMsg", "MsgSender\SendMsg.csproj", "{E936718D-4FA8-434A-AA4C-EA5D039A7316}"
EndProject
Global
	GlobalSection(SolutionConfigurationPlatforms) = preSolution
		Debug|Any CPU = Debug|Any CPU
		Release|Any CPU = Release|Any CPU
	EndGlobalSection
	GlobalSection(ProjectConfigurationPlatforms) = postSolution
		{CDD56EF7-7AB8-4EEC-BD05-03C08A21707D}.Debug|Any CPU.ActiveCfg = Debug|Any CPU
		{CDD56EF7-7AB8-4EEC-BD05-03C08A21707D}.Debug|Any CPU.Build.0 = Debug|Any CPU
		{CDD56EF7-7AB8-4EEC-BD05-03C08A21707D}.Release|Any CPU.ActiveCfg = Release|Any CPU
		{CDD56EF7-7AB8-4EEC-BD05-03C08A21707D}.Release|Any CPU.Build.0 = Release|Any CPU
		{E936718D-4FA8-434A-AA4C-EA5D039A7316}.Debug|Any CPU.ActiveCfg = Debug|Any CPU
		{E936718D-4FA8-434A-AA4C-EA5D039A7316}.Debug|Any CPU.Build.0 = Debug|Any CPU
		{E936718D-4FA8-434A-AA4C-EA5D039A7316}.Release|Any CPU.ActiveCfg = Release|Any CPU
		{E936718D-4FA8-434A-AA4C-EA5D039A7316}.Release|Any CPU.Build.0 = Release|Any CPU
	EndGlobalSection
	GlobalSection(SolutionProperties) = preSolution
		HideSolutionNode = FALSE
	EndGlobalSection
	GlobalSection(ExtensibilityGlobals) = postSolution
		SolutionGuid = {F156AFC8-7FBC-45DF-A8DB-2149305A78DB}
	EndGlobalSection
EndGlobal
